// !$*UTF8*$!
{
	archiveVersion = 1;
	classes = {
	};
	objectVersion = 50;
	objects = {

/* Begin PBXBuildFile section */
		3858450C2427A97900797816 /* AppDelegate.swift in Sources */ = {isa = PBXBuildFile; fileRef = 3858450B2427A97900797816 /* AppDelegate.swift */; };
		3858450E2427A97900797816 /* SceneDelegate.swift in Sources */ = {isa = PBXBuildFile; fileRef = 3858450D2427A97900797816 /* SceneDelegate.swift */; };
		385845102427A97900797816 /* ContentView.swift in Sources */ = {isa = PBXBuildFile; fileRef = 3858450F2427A97900797816 /* ContentView.swift */; };
		385845122427A98000797816 /* Assets.xcassets in Resources */ = {isa = PBXBuildFile; fileRef = 385845112427A98000797816 /* Assets.xcassets */; };
		385845152427A98000797816 /* Preview Assets.xcassets in Resources */ = {isa = PBXBuildFile; fileRef = 385845142427A98000797816 /* Preview Assets.xcassets */; };
		385845182427A98000797816 /* LaunchScreen.storyboard in Resources */ = {isa = PBXBuildFile; fileRef = 385845162427A98000797816 /* LaunchScreen.storyboard */; };
		385845262427B7F500797816 /* Home.swift in Sources */ = {isa = PBXBuildFile; fileRef = 385845252427B7F500797816 /* Home.swift */; };
		385845282427BF7900797816 /* Buttons.swift in Sources */ = {isa = PBXBuildFile; fileRef = 385845272427BF7900797816 /* Buttons.swift */; };
		38600A54242B0A3B001D03C6 /* FloatingLabelTextField.swift in Sources */ = {isa = PBXBuildFile; fileRef = 38600A53242B0A3B001D03C6 /* FloatingLabelTextField.swift */; };
		38600A5D242B8BD9001D03C6 /* DatePick.swift in Sources */ = {isa = PBXBuildFile; fileRef = 38600A5C242B8BD9001D03C6 /* DatePick.swift */; };
		38600A62242C6CD0001D03C6 /* TabView.swift in Sources */ = {isa = PBXBuildFile; fileRef = 38600A61242C6CD0001D03C6 /* TabView.swift */; };
		38600A64242C6FCA001D03C6 /* AddCandidates.swift in Sources */ = {isa = PBXBuildFile; fileRef = 38600A63242C6FCA001D03C6 /* AddCandidates.swift */; };
		38600A66242CD782001D03C6 /* VotingAlgorithm.swift in Sources */ = {isa = PBXBuildFile; fileRef = 38600A65242CD782001D03C6 /* VotingAlgorithm.swift */; };
		38600A70242DBD38001D03C6 /* Database.xcdatamodeld in Sources */ = {isa = PBXBuildFile; fileRef = 38600A6E242DBD38001D03C6 /* Database.xcdatamodeld */; };
		38600A9F242F0949001D03C6 /* Toast.swift in Sources */ = {isa = PBXBuildFile; fileRef = 38600A9E242F0949001D03C6 /* Toast.swift */; };
		388E6041242A4E03001FAD58 /* ElectionDetail.swift in Sources */ = {isa = PBXBuildFile; fileRef = 388E6040242A4E03001FAD58 /* ElectionDetail.swift */; };
/* End PBXBuildFile section */

/* Begin PBXFileReference section */
		385845082427A97900797816 /* Agora iOS.app */ = {isa = PBXFileReference; explicitFileType = wrapper.application; includeInIndex = 0; path = "Agora iOS.app"; sourceTree = BUILT_PRODUCTS_DIR; };
		3858450B2427A97900797816 /* AppDelegate.swift */ = {isa = PBXFileReference; lastKnownFileType = sourcecode.swift; path = AppDelegate.swift; sourceTree = "<group>"; };
		3858450D2427A97900797816 /* SceneDelegate.swift */ = {isa = PBXFileReference; lastKnownFileType = sourcecode.swift; path = SceneDelegate.swift; sourceTree = "<group>"; };
		3858450F2427A97900797816 /* ContentView.swift */ = {isa = PBXFileReference; lastKnownFileType = sourcecode.swift; path = ContentView.swift; sourceTree = "<group>"; };
		385845112427A98000797816 /* Assets.xcassets */ = {isa = PBXFileReference; lastKnownFileType = folder.assetcatalog; path = Assets.xcassets; sourceTree = "<group>"; };
		385845142427A98000797816 /* Preview Assets.xcassets */ = {isa = PBXFileReference; lastKnownFileType = folder.assetcatalog; path = "Preview Assets.xcassets"; sourceTree = "<group>"; };
		385845172427A98000797816 /* Base */ = {isa = PBXFileReference; lastKnownFileType = file.storyboard; name = Base; path = Base.lproj/LaunchScreen.storyboard; sourceTree = "<group>"; };
		385845192427A98000797816 /* Info.plist */ = {isa = PBXFileReference; lastKnownFileType = text.plist.xml; path = Info.plist; sourceTree = "<group>"; };
		385845252427B7F500797816 /* Home.swift */ = {isa = PBXFileReference; lastKnownFileType = sourcecode.swift; path = Home.swift; sourceTree = "<group>"; };
		385845272427BF7900797816 /* Buttons.swift */ = {isa = PBXFileReference; lastKnownFileType = sourcecode.swift; path = Buttons.swift; sourceTree = "<group>"; };
		38600A53242B0A3B001D03C6 /* FloatingLabelTextField.swift */ = {isa = PBXFileReference; lastKnownFileType = sourcecode.swift; path = FloatingLabelTextField.swift; sourceTree = "<group>"; };
		38600A5C242B8BD9001D03C6 /* DatePick.swift */ = {isa = PBXFileReference; lastKnownFileType = sourcecode.swift; path = DatePick.swift; sourceTree = "<group>"; };
		38600A61242C6CD0001D03C6 /* TabView.swift */ = {isa = PBXFileReference; lastKnownFileType = sourcecode.swift; path = TabView.swift; sourceTree = "<group>"; };
		38600A63242C6FCA001D03C6 /* AddCandidates.swift */ = {isa = PBXFileReference; lastKnownFileType = sourcecode.swift; path = AddCandidates.swift; sourceTree = "<group>"; };
		38600A65242CD782001D03C6 /* VotingAlgorithm.swift */ = {isa = PBXFileReference; lastKnownFileType = sourcecode.swift; path = VotingAlgorithm.swift; sourceTree = "<group>"; };
		38600A6F242DBD38001D03C6 /* Database.xcdatamodel */ = {isa = PBXFileReference; lastKnownFileType = wrapper.xcdatamodel; path = Database.xcdatamodel; sourceTree = "<group>"; };
		38600A9E242F0949001D03C6 /* Toast.swift */ = {isa = PBXFileReference; lastKnownFileType = sourcecode.swift; path = Toast.swift; sourceTree = "<group>"; };
		388E6040242A4E03001FAD58 /* ElectionDetail.swift */ = {isa = PBXFileReference; lastKnownFileType = sourcecode.swift; path = ElectionDetail.swift; sourceTree = "<group>"; };
/* End PBXFileReference section */

/* Begin PBXFrameworksBuildPhase section */
		385845052427A97900797816 /* Frameworks */ = {
			isa = PBXFrameworksBuildPhase;
			buildActionMask = 2147483647;
			files = (
			);
			runOnlyForDeploymentPostprocessing = 0;
		};
/* End PBXFrameworksBuildPhase section */

/* Begin PBXGroup section */
		385844FF2427A97900797816 = {
			isa = PBXGroup;
			children = (
				3858450A2427A97900797816 /* Agora iOS */,
				385845092427A97900797816 /* Products */,
			);
			sourceTree = "<group>";
		};
		385845092427A97900797816 /* Products */ = {
			isa = PBXGroup;
			children = (
				385845082427A97900797816 /* Agora iOS.app */,
			);
			name = Products;
			sourceTree = "<group>";
		};
		3858450A2427A97900797816 /* Agora iOS */ = {
			isa = PBXGroup;
			children = (
				3858450B2427A97900797816 /* AppDelegate.swift */,
				3858450D2427A97900797816 /* SceneDelegate.swift */,
				385845112427A98000797816 /* Assets.xcassets */,
				385845162427A98000797816 /* LaunchScreen.storyboard */,
				385845192427A98000797816 /* Info.plist */,
				385845132427A98000797816 /* Preview Content */,
				38600AA0242F7A6C001D03C6 /* Model */,
				38600A69242DBA8A001D03C6 /* Views */,
				38600A6A242DBAA8001D03C6 /* ReusableVIews */,
			);
			path = "Agora iOS";
			sourceTree = "<group>";
		};
		385845132427A98000797816 /* Preview Content */ = {
			isa = PBXGroup;
			children = (
				385845142427A98000797816 /* Preview Assets.xcassets */,
			);
			path = "Preview Content";
			sourceTree = "<group>";
		};
		38600A69242DBA8A001D03C6 /* Views */ = {
			isa = PBXGroup;
			children = (
				3858450F2427A97900797816 /* ContentView.swift */,
				385845252427B7F500797816 /* Home.swift */,
				388E6040242A4E03001FAD58 /* ElectionDetail.swift */,
				38600A63242C6FCA001D03C6 /* AddCandidates.swift */,
				38600A65242CD782001D03C6 /* VotingAlgorithm.swift */,
			);
			path = Views;
			sourceTree = "<group>";
		};
		38600A6A242DBAA8001D03C6 /* ReusableVIews */ = {
			isa = PBXGroup;
			children = (
				38600A61242C6CD0001D03C6 /* TabView.swift */,
				38600A5C242B8BD9001D03C6 /* DatePick.swift */,
				38600A53242B0A3B001D03C6 /* FloatingLabelTextField.swift */,
				385845272427BF7900797816 /* Buttons.swift */,
				38600A9E242F0949001D03C6 /* Toast.swift */,
			);
			path = ReusableVIews;
			sourceTree = "<group>";
		};
		38600AA0242F7A6C001D03C6 /* Model */ = {
			isa = PBXGroup;
			children = (
				38600A6E242DBD38001D03C6 /* Database.xcdatamodeld */,
			);
			path = Model;
			sourceTree = "<group>";
		};
/* End PBXGroup section */

/* Begin PBXNativeTarget section */
		385845072427A97900797816 /* Agora iOS */ = {
			isa = PBXNativeTarget;
			buildConfigurationList = 3858451C2427A98000797816 /* Build configuration list for PBXNativeTarget "Agora iOS" */;
			buildPhases = (
				385845042427A97900797816 /* Sources */,
				385845052427A97900797816 /* Frameworks */,
				385845062427A97900797816 /* Resources */,
			);
			buildRules = (
			);
			dependencies = (
			);
			name = "Agora iOS";
			packageProductDependencies = (
			);
			productName = "Agora iOS";
			productReference = 385845082427A97900797816 /* Agora iOS.app */;
			productType = "com.apple.product-type.application";
		};
/* End PBXNativeTarget section */

/* Begin PBXProject section */
		385845002427A97900797816 /* Project object */ = {
			isa = PBXProject;
			attributes = {
				LastSwiftUpdateCheck = 1130;
				LastUpgradeCheck = 1130;
				ORGANIZATIONNAME = "Akash Chaudhary";
				TargetAttributes = {
					385845072427A97900797816 = {
						CreatedOnToolsVersion = 11.3.1;
					};
				};
			};
			buildConfigurationList = 385845032427A97900797816 /* Build configuration list for PBXProject "Agora iOS" */;
			compatibilityVersion = "Xcode 9.3";
			developmentRegion = en;
			hasScannedForEncodings = 0;
			knownRegions = (
				en,
				Base,
			);
			mainGroup = 385844FF2427A97900797816;
			packageReferences = (
			);
			productRefGroup = 385845092427A97900797816 /* Products */;
			projectDirPath = "";
			projectRoot = "";
			targets = (
				385845072427A97900797816 /* Agora iOS */,
			);
		};
/* End PBXProject section */

/* Begin PBXResourcesBuildPhase section */
		385845062427A97900797816 /* Resources */ = {
			isa = PBXResourcesBuildPhase;
			buildActionMask = 2147483647;
			files = (
				385845182427A98000797816 /* LaunchScreen.storyboard in Resources */,
				385845152427A98000797816 /* Preview Assets.xcassets in Resources */,
				385845122427A98000797816 /* Assets.xcassets in Resources */,
			);
			runOnlyForDeploymentPostprocessing = 0;
		};
/* End PBXResourcesBuildPhase section */

/* Begin PBXSourcesBuildPhase section */
		385845042427A97900797816 /* Sources */ = {
			isa = PBXSourcesBuildPhase;
			buildActionMask = 2147483647;
			files = (
				38600A9F242F0949001D03C6 /* Toast.swift in Sources */,
				385845282427BF7900797816 /* Buttons.swift in Sources */,
				38600A54242B0A3B001D03C6 /* FloatingLabelTextField.swift in Sources */,
				3858450C2427A97900797816 /* AppDelegate.swift in Sources */,
				388E6041242A4E03001FAD58 /* ElectionDetail.swift in Sources */,
				3858450E2427A97900797816 /* SceneDelegate.swift in Sources */,
				38600A66242CD782001D03C6 /* VotingAlgorithm.swift in Sources */,
				385845262427B7F500797816 /* Home.swift in Sources */,
				385845102427A97900797816 /* ContentView.swift in Sources */,
				38600A64242C6FCA001D03C6 /* AddCandidates.swift in Sources */,
				38600A62242C6CD0001D03C6 /* TabView.swift in Sources */,
				38600A70242DBD38001D03C6 /* Database.xcdatamodeld in Sources */,
				38600A5D242B8BD9001D03C6 /* DatePick.swift in Sources */,
			);
			runOnlyForDeploymentPostprocessing = 0;
		};
/* End PBXSourcesBuildPhase section */

/* Begin PBXVariantGroup section */
		385845162427A98000797816 /* LaunchScreen.storyboard */ = {
			isa = PBXVariantGroup;
			children = (
				385845172427A98000797816 /* Base */,
			);
			name = LaunchScreen.storyboard;
			sourceTree = "<group>";
		};
/* End PBXVariantGroup section */

/* Begin XCBuildConfiguration section */
		3858451A2427A98000797816 /* Debug */ = {
			isa = XCBuildConfiguration;
			buildSettings = {
				ALWAYS_SEARCH_USER_PATHS = NO;
				CLANG_ANALYZER_NONNULL = YES;
				CLANG_ANALYZER_NUMBER_OBJECT_CONVERSION = YES_AGGRESSIVE;
				CLANG_CXX_LANGUAGE_STANDARD = "gnu++14";
				CLANG_CXX_LIBRARY = "libc++";
				CLANG_ENABLE_MODULES = YES;
				CLANG_ENABLE_OBJC_ARC = YES;
				CLANG_ENABLE_OBJC_WEAK = YES;
				CLANG_WARN_BLOCK_CAPTURE_AUTORELEASING = YES;
				CLANG_WARN_BOOL_CONVERSION = YES;
				CLANG_WARN_COMMA = YES;
				CLANG_WARN_CONSTANT_CONVERSION = YES;
				CLANG_WARN_DEPRECATED_OBJC_IMPLEMENTATIONS = YES;
				CLANG_WARN_DIRECT_OBJC_ISA_USAGE = YES_ERROR;
				CLANG_WARN_DOCUMENTATION_COMMENTS = YES;
				CLANG_WARN_EMPTY_BODY = YES;
				CLANG_WARN_ENUM_CONVERSION = YES;
				CLANG_WARN_INFINITE_RECURSION = YES;
				CLANG_WARN_INT_CONVERSION = YES;
				CLANG_WARN_NON_LITERAL_NULL_CONVERSION = YES;
				CLANG_WARN_OBJC_IMPLICIT_RETAIN_SELF = YES;
				CLANG_WARN_OBJC_LITERAL_CONVERSION = YES;
				CLANG_WARN_OBJC_ROOT_CLASS = YES_ERROR;
				CLANG_WARN_RANGE_LOOP_ANALYSIS = YES;
				CLANG_WARN_STRICT_PROTOTYPES = YES;
				CLANG_WARN_SUSPICIOUS_MOVE = YES;
				CLANG_WARN_UNGUARDED_AVAILABILITY = YES_AGGRESSIVE;
				CLANG_WARN_UNREACHABLE_CODE = YES;
				CLANG_WARN__DUPLICATE_METHOD_MATCH = YES;
				COPY_PHASE_STRIP = NO;
				DEBUG_INFORMATION_FORMAT = dwarf;
				ENABLE_STRICT_OBJC_MSGSEND = YES;
				ENABLE_TESTABILITY = YES;
				GCC_C_LANGUAGE_STANDARD = gnu11;
				GCC_DYNAMIC_NO_PIC = NO;
				GCC_NO_COMMON_BLOCKS = YES;
				GCC_OPTIMIZATION_LEVEL = 0;
				GCC_PREPROCESSOR_DEFINITIONS = (
					"DEBUG=1",
					"$(inherited)",
				);
				GCC_WARN_64_TO_32_BIT_CONVERSION = YES;
				GCC_WARN_ABOUT_RETURN_TYPE = YES_ERROR;
				GCC_WARN_UNDECLARED_SELECTOR = YES;
				GCC_WARN_UNINITIALIZED_AUTOS = YES_AGGRESSIVE;
				GCC_WARN_UNUSED_FUNCTION = YES;
				GCC_WARN_UNUSED_VARIABLE = YES;
				IPHONEOS_DEPLOYMENT_TARGET = 13.2;
				MTL_ENABLE_DEBUG_INFO = INCLUDE_SOURCE;
				MTL_FAST_MATH = YES;
				ONLY_ACTIVE_ARCH = YES;
				SDKROOT = iphoneos;
				SWIFT_ACTIVE_COMPILATION_CONDITIONS = DEBUG;
				SWIFT_OPTIMIZATION_LEVEL = "-Onone";
			};
			name = Debug;
		};
		3858451B2427A98000797816 /* Release */ = {
			isa = XCBuildConfiguration;
			buildSettings = {
				ALWAYS_SEARCH_USER_PATHS = NO;
				CLANG_ANALYZER_NONNULL = YES;
				CLANG_ANALYZER_NUMBER_OBJECT_CONVERSION = YES_AGGRESSIVE;
				CLANG_CXX_LANGUAGE_STANDARD = "gnu++14";
				CLANG_CXX_LIBRARY = "libc++";
				CLANG_ENABLE_MODULES = YES;
				CLANG_ENABLE_OBJC_ARC = YES;
				CLANG_ENABLE_OBJC_WEAK = YES;
				CLANG_WARN_BLOCK_CAPTURE_AUTORELEASING = YES;
				CLANG_WARN_BOOL_CONVERSION = YES;
				CLANG_WARN_COMMA = YES;
				CLANG_WARN_CONSTANT_CONVERSION = YES;
				CLANG_WARN_DEPRECATED_OBJC_IMPLEMENTATIONS = YES;
				CLANG_WARN_DIRECT_OBJC_ISA_USAGE = YES_ERROR;
				CLANG_WARN_DOCUMENTATION_COMMENTS = YES;
				CLANG_WARN_EMPTY_BODY = YES;
				CLANG_WARN_ENUM_CONVERSION = YES;
				CLANG_WARN_INFINITE_RECURSION = YES;
				CLANG_WARN_INT_CONVERSION = YES;
				CLANG_WARN_NON_LITERAL_NULL_CONVERSION = YES;
				CLANG_WARN_OBJC_IMPLICIT_RETAIN_SELF = YES;
				CLANG_WARN_OBJC_LITERAL_CONVERSION = YES;
				CLANG_WARN_OBJC_ROOT_CLASS = YES_ERROR;
				CLANG_WARN_RANGE_LOOP_ANALYSIS = YES;
				CLANG_WARN_STRICT_PROTOTYPES = YES;
				CLANG_WARN_SUSPICIOUS_MOVE = YES;
				CLANG_WARN_UNGUARDED_AVAILABILITY = YES_AGGRESSIVE;
				CLANG_WARN_UNREACHABLE_CODE = YES;
				CLANG_WARN__DUPLICATE_METHOD_MATCH = YES;
				COPY_PHASE_STRIP = NO;
				DEBUG_INFORMATION_FORMAT = "dwarf-with-dsym";
				ENABLE_NS_ASSERTIONS = NO;
				ENABLE_STRICT_OBJC_MSGSEND = YES;
				GCC_C_LANGUAGE_STANDARD = gnu11;
				GCC_NO_COMMON_BLOCKS = YES;
				GCC_WARN_64_TO_32_BIT_CONVERSION = YES;
				GCC_WARN_ABOUT_RETURN_TYPE = YES_ERROR;
				GCC_WARN_UNDECLARED_SELECTOR = YES;
				GCC_WARN_UNINITIALIZED_AUTOS = YES_AGGRESSIVE;
				GCC_WARN_UNUSED_FUNCTION = YES;
				GCC_WARN_UNUSED_VARIABLE = YES;
				IPHONEOS_DEPLOYMENT_TARGET = 13.2;
				MTL_ENABLE_DEBUG_INFO = NO;
				MTL_FAST_MATH = YES;
				SDKROOT = iphoneos;
				SWIFT_COMPILATION_MODE = wholemodule;
				SWIFT_OPTIMIZATION_LEVEL = "-O";
				VALIDATE_PRODUCT = YES;
			};
			name = Release;
		};
		3858451D2427A98000797816 /* Debug */ = {
			isa = XCBuildConfiguration;
			buildSettings = {
				ASSETCATALOG_COMPILER_APPICON_NAME = AppIcon;
				CODE_SIGN_STYLE = Automatic;
				DEVELOPMENT_ASSET_PATHS = "\"Agora iOS/Preview Content\"";
				DEVELOPMENT_TEAM = 7HYK89WT2P;
				ENABLE_PREVIEWS = YES;
				INFOPLIST_FILE = "Agora iOS/Info.plist";
				LD_RUNPATH_SEARCH_PATHS = (
					"$(inherited)",
					"@executable_path/Frameworks",
				);
				PRODUCT_BUNDLE_IDENTIFIER = "com.weaponoid.Agora-iOS";
				PRODUCT_NAME = "$(TARGET_NAME)";
				SWIFT_VERSION = 5.0;
				TARGETED_DEVICE_FAMILY = "1,2";
			};
			name = Debug;
		};
		3858451E2427A98000797816 /* Release */ = {
			isa = XCBuildConfiguration;
			buildSettings = {
				ASSETCATALOG_COMPILER_APPICON_NAME = AppIcon;
				CODE_SIGN_STYLE = Automatic;
				DEVELOPMENT_ASSET_PATHS = "\"Agora iOS/Preview Content\"";
				DEVELOPMENT_TEAM = 7HYK89WT2P;
				ENABLE_PREVIEWS = YES;
				INFOPLIST_FILE = "Agora iOS/Info.plist";
				LD_RUNPATH_SEARCH_PATHS = (
					"$(inherited)",
					"@executable_path/Frameworks",
				);
				PRODUCT_BUNDLE_IDENTIFIER = "com.weaponoid.Agora-iOS";
				PRODUCT_NAME = "$(TARGET_NAME)";
				SWIFT_VERSION = 5.0;
				TARGETED_DEVICE_FAMILY = "1,2";
			};
			name = Release;
		};
/* End XCBuildConfiguration section */

/* Begin XCConfigurationList section */
		385845032427A97900797816 /* Build configuration list for PBXProject "Agora iOS" */ = {
			isa = XCConfigurationList;
			buildConfigurations = (
				3858451A2427A98000797816 /* Debug */,
				3858451B2427A98000797816 /* Release */,
			);
			defaultConfigurationIsVisible = 0;
			defaultConfigurationName = Release;
		};
		3858451C2427A98000797816 /* Build configuration list for PBXNativeTarget "Agora iOS" */ = {
			isa = XCConfigurationList;
			buildConfigurations = (
				3858451D2427A98000797816 /* Debug */,
				3858451E2427A98000797816 /* Release */,
			);
			defaultConfigurationIsVisible = 0;
			defaultConfigurationName = Release;
		};
/* End XCConfigurationList section */

/* Begin XCVersionGroup section */
		38600A6E242DBD38001D03C6 /* Database.xcdatamodeld */ = {
			isa = XCVersionGroup;
			children = (
				38600A6F242DBD38001D03C6 /* Database.xcdatamodel */,
			);
			currentVersion = 38600A6F242DBD38001D03C6 /* Database.xcdatamodel */;
			path = Database.xcdatamodeld;
			sourceTree = "<group>";
			versionGroupType = wrapper.xcdatamodel;
		};
/* End XCVersionGroup section */
	};
	rootObject = 385845002427A97900797816 /* Project object */;
}
